# @generated - this file is auto-generated by `mise lock` https://mise.en.dev/dev-tools/mise-lock.html

[[tools."http:rclone"]]
version = "1.74.2"
backend = "http:rclone"

[tools."http:rclone"."platforms.linux-arm64"]
checksum = "blake3:331e4eba43983945e36420a204b2f6ef65dadc64562ce3073f7a54acafa42bf2"
url = "https://github.com/rclone/rclone/releases/download/v1.74.2/rclone-v1.74.2-linux-arm64.zip"

[tools."http:rclone"."platforms.linux-arm64-musl"]
checksum = "sha256:bc2b2eb8269b743ed7bcea869f3782cfb4931e41efa53fc8befc6dc8308b7a50"
url = "https://github.com/rclone/rclone/releases/download/v1.74.2/rclone-v1.74.2-linux-arm64.zip"

[tools."http:rclone"."platforms.linux-x64-musl"]
checksum = "sha256:72a806370072015ccbe4d81bcd348cc5eaf3beca6c65ba693fd43fb31fcca5b1"
url = "https://github.com/rclone/rclone/releases/download/v1.74.2/rclone-v1.74.2-linux-amd64.zip"
